{"version":4,"terraform_version":"1.11.8","serial":4,"lineage":"502b5613-4972-623a-62d7-db5d17c64f97","outputs":{"app_version":{"value":"1.10.0","type":"string"},"feature_flags":{"value":"ui=on,cache=on","type":"string"},"ingress_host":{"value":"tenant-c.demo.local","type":"string"},"replicas":{"value":10,"type":"number"},"secret_path":{"value":"tenant-c-1.10.0","type":"string"}},"resources":[{"mode":"managed","type":"vault_kv_secret_v2","name":"platform","provider":"provider[\"registry.opentofu.org/hashicorp/vault\"]","instances":[{"schema_version":0,"attributes":{"cas":null,"custom_metadata":[{"cas_required":false,"data":{},"delete_version_after":0,"max_versions":0}],"data":{"app_version":"1.10.0","feature_flags":"ui=on,cache=on","greeting":"platform v1.10.0 — tenant-c (flags: ui=on,cache=on)","ingress_host":"tenant-c.demo.local","replicas":"10"},"data_json":"{\"app_version\":\"1.10.0\",\"feature_flags\":\"ui=on,cache=on\",\"greeting\":\"platform v1.10.0 — tenant-c (flags: ui=on,cache=on)\",\"ingress_host\":\"tenant-c.demo.local\",\"replicas\":\"10\"}","delete_all_versions":false,"disable_read":false,"id":"secret/data/tenant-c-1.10.0","metadata":{"created_time":"2026-07-07T09:00:12.363607034Z","custom_metadata":"null","deletion_time":"","destroyed":"false","version":"1"},"mount":"secret","name":"tenant-c-1.10.0","namespace":null,"options":null,"path":"secret/data/tenant-c-1.10.0"},"sensitive_attributes":[[{"type":"get_attr","value":"data"}],[{"type":"get_attr","value":"data_json"}]],"private":"bnVsbA=="}]}],"check_results":null}
