{"version":4,"terraform_version":"1.11.8","serial":2,"lineage":"d7c72f74-10f6-53f8-8702-776f294c0bc2","outputs":{"secret_path":{"value":"infra-prod-6.24.0","type":"string"}},"resources":[{"mode":"managed","type":"vault_kv_secret_v2","name":"greeting","provider":"provider[\"registry.opentofu.org/hashicorp/vault\"]","instances":[{"schema_version":0,"attributes":{"cas":null,"custom_metadata":[{"cas_required":false,"data":{},"delete_version_after":0,"max_versions":0}],"data":{"greeting":"greetings from tofu-provisioned OpenBao (module 6.24.0)"},"data_json":"{\"greeting\":\"greetings from tofu-provisioned OpenBao (module 6.24.0)\"}","delete_all_versions":false,"disable_read":false,"id":"secret/data/infra-prod-6.24.0","metadata":{"created_time":"2026-07-03T13:52:03.470965343Z","custom_metadata":"null","deletion_time":"","destroyed":"false","version":"1"},"mount":"secret","name":"infra-prod-6.24.0","namespace":null,"options":null,"path":"secret/data/infra-prod-6.24.0"},"sensitive_attributes":[[{"type":"get_attr","value":"data"}],[{"type":"get_attr","value":"data_json"}]],"private":"bnVsbA=="}]}],"check_results":null}
