{"version":4,"terraform_version":"1.11.8","serial":6,"lineage":"44c4bd98-b09b-313d-b551-5f3b48088e61","outputs":{"app_version":{"value":"1.11.0","type":"string"},"feature_flags":{"value":"ui=on,cache=on","type":"string"},"ingress_host":{"value":"tenant-a.demo.local","type":"string"},"replicas":{"value":11,"type":"number"},"secret_path":{"value":"tenant-a-1.11.0","type":"string"}},"resources":[{"mode":"managed","type":"vault_kv_secret_v2","name":"platform","provider":"provider[\"registry.opentofu.org/hashicorp/vault\"]","instances":[{"schema_version":0,"attributes":{"cas":null,"custom_metadata":[{"cas_required":false,"data":{},"delete_version_after":0,"max_versions":0}],"data":{"app_version":"1.11.0","feature_flags":"ui=on,cache=on","greeting":"platform v1.11.0 — tenant-a (flags: ui=on,cache=on)","ingress_host":"tenant-a.demo.local","replicas":"11"},"data_json":"{\"app_version\":\"1.11.0\",\"feature_flags\":\"ui=on,cache=on\",\"greeting\":\"platform v1.11.0 — tenant-a (flags: ui=on,cache=on)\",\"ingress_host\":\"tenant-a.demo.local\",\"replicas\":\"11\"}","delete_all_versions":false,"disable_read":false,"id":"secret/data/tenant-a-1.11.0","metadata":{"created_time":"2026-07-07T11:24:02.000525888Z","custom_metadata":"null","deletion_time":"","destroyed":"false","version":"1"},"mount":"secret","name":"tenant-a-1.11.0","namespace":null,"options":null,"path":"secret/data/tenant-a-1.11.0"},"sensitive_attributes":[[{"type":"get_attr","value":"data"}],[{"type":"get_attr","value":"data_json"}]],"private":"bnVsbA=="}]}],"check_results":null}
