{"version":4,"terraform_version":"1.11.8","serial":2,"lineage":"aa12dc83-f246-e2ad-d4ac-ab47b9860f36","outputs":{"greeting":{"value":"greetings from tofu-provisioned OpenBao (module 6.22.0)","type":"string"}},"resources":[{"mode":"managed","type":"vault_kv_secret_v2","name":"greeting","provider":"provider[\"registry.opentofu.org/hashicorp/vault\"]","instances":[{"schema_version":0,"attributes":{"cas":null,"custom_metadata":[{"cas_required":false,"data":{},"delete_version_after":0,"max_versions":0}],"data":{"greeting":"greetings from tofu-provisioned OpenBao (module 6.22.0)"},"data_json":"{\"greeting\":\"greetings from tofu-provisioned OpenBao (module 6.22.0)\"}","delete_all_versions":false,"disable_read":false,"id":"secret/data/infra-demo","metadata":{"created_time":"2026-07-03T10:57:05.555671848Z","custom_metadata":"null","deletion_time":"","destroyed":"false","version":"2"},"mount":"secret","name":"infra-demo","namespace":null,"options":null,"path":"secret/data/infra-demo"},"sensitive_attributes":[[{"type":"get_attr","value":"data"}],[{"type":"get_attr","value":"data_json"}]],"private":"bnVsbA=="}]}],"check_results":null}
